
Microsoft Visual Studio Solution File, Format Version 12.00
# Visual Studio 14
VisualStudioVersion = 14.0.22823.1
MinimumVisualStudioVersion = 10.0.40219.1
Project("{FAE04EC0-301F-11D3-BF4B-00C04F79EFBC}") = "easyJet-Final", "easyJet-Final\easyJet-Final.csproj", "{A0D6B8B4-3CF3-4086-9273-4A441F13C67C}"
EndProject
Project("{2150E333-8FDC-42A3-9474-1A3956D46DE8}") = "PublishScripts", "PublishScripts", "{1F479F93-4632-431A-8F11-AB0EFE50B0F2}"
	ProjectSection(SolutionItems) = preProject
		PublishScripts\AzureWebsitePublishModule.psm1 = PublishScripts\AzureWebsitePublishModule.psm1
		PublishScripts\Publish-WebApplicationWebsite.ps1 = PublishScripts\Publish-WebApplicationWebsite.ps1
	EndProjectSection
EndProject
Project("{2150E333-8FDC-42A3-9474-1A3956D46DE8}") = "Configurations", "Configurations", "{900B8E71-35E4-4C98-9083-4B699AA6767C}"
	ProjectSection(SolutionItems) = preProject
		PublishScripts\Configurations\easyJet-Final-WAWS-dev.json = PublishScripts\Configurations\easyJet-Final-WAWS-dev.json
	EndProjectSection
EndProject
Global
	GlobalSection(SolutionConfigurationPlatforms) = preSolution
		Debug|Any CPU = Debug|Any CPU
		Release|Any CPU = Release|Any CPU
	EndGlobalSection
	GlobalSection(ProjectConfigurationPlatforms) = postSolution
		{A0D6B8B4-3CF3-4086-9273-4A441F13C67C}.Debug|Any CPU.ActiveCfg = Debug|Any CPU
		{A0D6B8B4-3CF3-4086-9273-4A441F13C67C}.Debug|Any CPU.Build.0 = Debug|Any CPU
		{A0D6B8B4-3CF3-4086-9273-4A441F13C67C}.Release|Any CPU.ActiveCfg = Release|Any CPU
		{A0D6B8B4-3CF3-4086-9273-4A441F13C67C}.Release|Any CPU.Build.0 = Release|Any CPU
	EndGlobalSection
	GlobalSection(SolutionProperties) = preSolution
		HideSolutionNode = FALSE
	EndGlobalSection
	GlobalSection(NestedProjects) = preSolution
		{900B8E71-35E4-4C98-9083-4B699AA6767C} = {1F479F93-4632-431A-8F11-AB0EFE50B0F2}
	EndGlobalSection
EndGlobal
